{
  "object": {
    "pins": [
      {
        "package": "OpenSSL",
        "repositoryURL": "https://github.com/krzyzanowskim/OpenSSL.git",
        "state": {
          "branch": null,
          "revision": "389296819a8d025ac10ddc9f22135a5518991fdc",
          "version": "1.1.180"
        }
      }
    ]
  },
  "version": 1
}
